// !$*UTF8*$!
{
	archiveVersion = 1;
	classes = {
	};
	objectVersion = 55;
	objects = {

/* Begin PBXBuildFile section */
		B09C4DEF28036A4100377348 /* Trivia_Mania_YtApp.swift in Sources */ = {isa = PBXBuildFile; fileRef = B09C4DEE28036A4100377348 /* Trivia_Mania_YtApp.swift */; };
		B09C4DF128036A4100377348 /* ContentView.swift in Sources */ = {isa = PBXBuildFile; fileRef = B09C4DF028036A4100377348 /* ContentView.swift */; };
		B09C4DF328036A4300377348 /* Assets.xcassets in Resources */ = {isa = PBXBuildFile; fileRef = B09C4DF228036A4300377348 /* Assets.xcassets */; };
		B09C4DF628036A4300377348 /* Preview Assets.xcassets in Resources */ = {isa = PBXBuildFile; fileRef = B09C4DF528036A4300377348 /* Preview Assets.xcassets */; };
		B09C4DFF28036BAF00377348 /* DataModel.swift in Sources */ = {isa = PBXBuildFile; fileRef = B09C4DFE28036BAF00377348 /* DataModel.swift */; };
		B09C4E0428036BFA00377348 /* Api.swift in Sources */ = {isa = PBXBuildFile; fileRef = B09C4E0328036BFA00377348 /* Api.swift */; };
		B09C4E0628036D8000377348 /* StartingView.swift in Sources */ = {isa = PBXBuildFile; fileRef = B09C4E0528036D8000377348 /* StartingView.swift */; };
		B09C4E0828036FAA00377348 /* QuestionView.swift in Sources */ = {isa = PBXBuildFile; fileRef = B09C4E0728036FAA00377348 /* QuestionView.swift */; };
/* End PBXBuildFile section */

/* Begin PBXFileReference section */
		B09C4DEB28036A4100377348 /* Trivia Mania YT.app */ = {isa = PBXFileReference; explicitFileType = wrapper.application; includeInIndex = 0; path = "Trivia Mania YT.app"; sourceTree = BUILT_PRODUCTS_DIR; };
		B09C4DEE28036A4100377348 /* Trivia_Mania_YtApp.swift */ = {isa = PBXFileReference; lastKnownFileType = sourcecode.swift; path = Trivia_Mania_YtApp.swift; sourceTree = "<group>"; };
		B09C4DF028036A4100377348 /* ContentView.swift */ = {isa = PBXFileReference; lastKnownFileType = sourcecode.swift; path = ContentView.swift; sourceTree = "<group>"; };
		B09C4DF228036A4300377348 /* Assets.xcassets */ = {isa = PBXFileReference; lastKnownFileType = folder.assetcatalog; path = Assets.xcassets; sourceTree = "<group>"; };
		B09C4DF528036A4300377348 /* Preview Assets.xcassets */ = {isa = PBXFileReference; lastKnownFileType = folder.assetcatalog; path = "Preview Assets.xcassets"; sourceTree = "<group>"; };
		B09C4DFE28036BAF00377348 /* DataModel.swift */ = {isa = PBXFileReference; lastKnownFileType = sourcecode.swift; path = DataModel.swift; sourceTree = "<group>"; };
		B09C4E0328036BFA00377348 /* Api.swift */ = {isa = PBXFileReference; lastKnownFileType = sourcecode.swift; path = Api.swift; sourceTree = "<group>"; };
		B09C4E0528036D8000377348 /* StartingView.swift */ = {isa = PBXFileReference; lastKnownFileType = sourcecode.swift; path = StartingView.swift; sourceTree = "<group>"; };
		B09C4E0728036FAA00377348 /* QuestionView.swift */ = {isa = PBXFileReference; lastKnownFileType = sourcecode.swift; path = QuestionView.swift; sourceTree = "<group>"; };
/* End PBXFileReference section */

/* Begin PBXFrameworksBuildPhase section */
		B09C4DE828036A4100377348 /* Frameworks */ = {
			isa = PBXFrameworksBuildPhase;
			buildActionMask = 2147483647;
			files = (
			);
			runOnlyForDeploymentPostprocessing = 0;
		};
/* End PBXFrameworksBuildPhase section */

/* Begin PBXGroup section */
		B09C4DE228036A4100377348 = {
			isa = PBXGroup;
			children = (
				B09C4DED28036A4100377348 /* Trivia Mania Yt */,
				B09C4DEC28036A4100377348 /* Products */,
			);
			sourceTree = "<group>";
		};
		B09C4DEC28036A4100377348 /* Products */ = {
			isa = PBXGroup;
			children = (
				B09C4DEB28036A4100377348 /* Trivia Mania YT.app */,
			);
			name = Products;
			sourceTree = "<group>";
		};
		B09C4DED28036A4100377348 /* Trivia Mania Yt */ = {
			isa = PBXGroup;
			children = (
				B09C4DFD28036B2E00377348 /* Views */,
				B09C4DFC28036B1E00377348 /* Models */,
				B09C4DEE28036A4100377348 /* Trivia_Mania_YtApp.swift */,
				B09C4DF028036A4100377348 /* ContentView.swift */,
				B09C4DF228036A4300377348 /* Assets.xcassets */,
				B09C4DF428036A4300377348 /* Preview Content */,
			);
			path = "Trivia Mania Yt";
			sourceTree = "<group>";
		};
		B09C4DF428036A4300377348 /* Preview Content */ = {
			isa = PBXGroup;
			children = (
				B09C4DF528036A4300377348 /* Preview Assets.xcassets */,
			);
			path = "Preview Content";
			sourceTree = "<group>";
		};
		B09C4DFC28036B1E00377348 /* Models */ = {
			isa = PBXGroup;
			children = (
				B09C4DFE28036BAF00377348 /* DataModel.swift */,
				B09C4E0328036BFA00377348 /* Api.swift */,
			);
			path = Models;
			sourceTree = "<group>";
		};
		B09C4DFD28036B2E00377348 /* Views */ = {
			isa = PBXGroup;
			children = (
				B09C4E0528036D8000377348 /* StartingView.swift */,
				B09C4E0728036FAA00377348 /* QuestionView.swift */,
			);
			path = Views;
			sourceTree = "<group>";
		};
/* End PBXGroup section */

/* Begin PBXNativeTarget section */
		B09C4DEA28036A4100377348 /* Trivia Mania Yt */ = {
			isa = PBXNativeTarget;
			buildConfigurationList = B09C4DF928036A4300377348 /* Build configuration list for PBXNativeTarget "Trivia Mania Yt" */;
			buildPhases = (
				B09C4DE728036A4100377348 /* Sources */,
				B09C4DE828036A4100377348 /* Frameworks */,
				B09C4DE928036A4100377348 /* Resources */,
			);
			buildRules = (
			);
			dependencies = (
			);
			name = "Trivia Mania Yt";
			productName = "Trivia Mania Yt";
			productReference = B09C4DEB28036A4100377348 /* Trivia Mania YT.app */;
			productType = "com.apple.product-type.application";
		};
/* End PBXNativeTarget section */

/* Begin PBXProject section */
		B09C4DE328036A4100377348 /* Project object */ = {
			isa = PBXProject;
			attributes = {
				BuildIndependentTargetsInParallel = 1;
				LastSwiftUpdateCheck = 1330;
				LastUpgradeCheck = 1330;
				TargetAttributes = {
					B09C4DEA28036A4100377348 = {
						CreatedOnToolsVersion = 13.3;
					};
				};
			};
			buildConfigurationList = B09C4DE628036A4100377348 /* Build configuration list for PBXProject "Trivia Mania Yt" */;
			compatibilityVersion = "Xcode 13.0";
			developmentRegion = en;
			hasScannedForEncodings = 0;
			knownRegions = (
				en,
				Base,
			);
			mainGroup = B09C4DE228036A4100377348;
			productRefGroup = B09C4DEC28036A4100377348 /* Products */;
			projectDirPath = "";
			projectRoot = "";
			targets = (
				B09C4DEA28036A4100377348 /* Trivia Mania Yt */,
			);
		};
/* End PBXProject section */

/* Begin PBXResourcesBuildPhase section */
		B09C4DE928036A4100377348 /* Resources */ = {
			isa = PBXResourcesBuildPhase;
			buildActionMask = 2147483647;
			files = (
				B09C4DF628036A4300377348 /* Preview Assets.xcassets in Resources */,
				B09C4DF328036A4300377348 /* Assets.xcassets in Resources */,
			);
			runOnlyForDeploymentPostprocessing = 0;
		};
/* End PBXResourcesBuildPhase section */

/* Begin PBXSourcesBuildPhase section */
		B09C4DE728036A4100377348 /* Sources */ = {
			isa = PBXSourcesBuildPhase;
			buildActionMask = 2147483647;
			files = (
				B09C4DF128036A4100377348 /* ContentView.swift in Sources */,
				B09C4DEF28036A4100377348 /* Trivia_Mania_YtApp.swift in Sources */,
				B09C4E0428036BFA00377348 /* Api.swift in Sources */,
				B09C4DFF28036BAF00377348 /* DataModel.swift in Sources */,
				B09C4E0828036FAA00377348 /* QuestionView.swift in Sources */,
				B09C4E0628036D8000377348 /* StartingView.swift in Sources */,
			);
			runOnlyForDeploymentPostprocessing = 0;
		};
/* End PBXSourcesBuildPhase section */

/* Begin XCBuildConfiguration section */
		B09C4DF728036A4300377348 /* Debug */ = {
			isa = XCBuildConfiguration;
			buildSettings = {
				ALWAYS_SEARCH_USER_PATHS = NO;
				CLANG_ANALYZER_NONNULL = YES;
				CLANG_ANALYZER_NUMBER_OBJECT_CONVERSION = YES_AGGRESSIVE;
				CLANG_CXX_LANGUAGE_STANDARD = "gnu++17";
				CLANG_ENABLE_MODULES = YES;
				CLANG_ENABLE_OBJC_ARC = YES;
				CLANG_ENABLE_OBJC_WEAK = YES;
				CLANG_WARN_BLOCK_CAPTURE_AUTORELEASING = YES;
				CLANG_WARN_BOOL_CONVERSION = YES;
				CLANG_WARN_COMMA = YES;
				CLANG_WARN_CONSTANT_CONVERSION = YES;
				CLANG_WARN_DEPRECATED_OBJC_IMPLEMENTATIONS = YES;
				CLANG_WARN_DIRECT_OBJC_ISA_USAGE = YES_ERROR;
				CLANG_WARN_DOCUMENTATION_COMMENTS = YES;
				CLANG_WARN_EMPTY_BODY = YES;
				CLANG_WARN_ENUM_CONVERSION = YES;
				CLANG_WARN_INFINITE_RECURSION = YES;
				CLANG_WARN_INT_CONVERSION = YES;
				CLANG_WARN_NON_LITERAL_NULL_CONVERSION = YES;
				CLANG_WARN_OBJC_IMPLICIT_RETAIN_SELF = YES;
				CLANG_WARN_OBJC_LITERAL_CONVERSION = YES;
				CLANG_WARN_OBJC_ROOT_CLASS = YES_ERROR;
				CLANG_WARN_QUOTED_INCLUDE_IN_FRAMEWORK_HEADER = YES;
				CLANG_WARN_RANGE_LOOP_ANALYSIS = YES;
				CLANG_WARN_STRICT_PROTOTYPES = YES;
				CLANG_WARN_SUSPICIOUS_MOVE = YES;
				CLANG_WARN_UNGUARDED_AVAILABILITY = YES_AGGRESSIVE;
				CLANG_WARN_UNREACHABLE_CODE = YES;
				CLANG_WARN__DUPLICATE_METHOD_MATCH = YES;
				COPY_PHASE_STRIP = NO;
				DEBUG_INFORMATION_FORMAT = dwarf;
				ENABLE_STRICT_OBJC_MSGSEND = YES;
				ENABLE_TESTABILITY = YES;
				GCC_C_LANGUAGE_STANDARD = gnu11;
				GCC_DYNAMIC_NO_PIC = NO;
				GCC_NO_COMMON_BLOCKS = YES;
				GCC_OPTIMIZATION_LEVEL = 0;
				GCC_PREPROCESSOR_DEFINITIONS = (
					"DEBUG=1",
					"$(inherited)",
				);
				GCC_WARN_64_TO_32_BIT_CONVERSION = YES;
				GCC_WARN_ABOUT_RETURN_TYPE = YES_ERROR;
				GCC_WARN_UNDECLARED_SELECTOR = YES;
				GCC_WARN_UNINITIALIZED_AUTOS = YES_AGGRESSIVE;
				GCC_WARN_UNUSED_FUNCTION = YES;
				GCC_WARN_UNUSED_VARIABLE = YES;
				IPHONEOS_DEPLOYMENT_TARGET = 15.4;
				MTL_ENABLE_DEBUG_INFO = INCLUDE_SOURCE;
				MTL_FAST_MATH = YES;
				ONLY_ACTIVE_ARCH = YES;
				SDKROOT = iphoneos;
				SWIFT_ACTIVE_COMPILATION_CONDITIONS = DEBUG;
				SWIFT_OPTIMIZATION_LEVEL = "-Onone";
			};
			name = Debug;
		};
		B09C4DF828036A4300377348 /* Release */ = {
			isa = XCBuildConfiguration;
			buildSettings = {
				ALWAYS_SEARCH_USER_PATHS = NO;
				CLANG_ANALYZER_NONNULL = YES;
				CLANG_ANALYZER_NUMBER_OBJECT_CONVERSION = YES_AGGRESSIVE;
				CLANG_CXX_LANGUAGE_STANDARD = "gnu++17";
				CLANG_ENABLE_MODULES = YES;
				CLANG_ENABLE_OBJC_ARC = YES;
				CLANG_ENABLE_OBJC_WEAK = YES;
				CLANG_WARN_BLOCK_CAPTURE_AUTORELEASING = YES;
				CLANG_WARN_BOOL_CONVERSION = YES;
				CLANG_WARN_COMMA = YES;
				CLANG_WARN_CONSTANT_CONVERSION = YES;
				CLANG_WARN_DEPRECATED_OBJC_IMPLEMENTATIONS = YES;
				CLANG_WARN_DIRECT_OBJC_ISA_USAGE = YES_ERROR;
				CLANG_WARN_DOCUMENTATION_COMMENTS = YES;
				CLANG_WARN_EMPTY_BODY = YES;
				CLANG_WARN_ENUM_CONVERSION = YES;
				CLANG_WARN_INFINITE_RECURSION = YES;
				CLANG_WARN_INT_CONVERSION = YES;
				CLANG_WARN_NON_LITERAL_NULL_CONVERSION = YES;
				CLANG_WARN_OBJC_IMPLICIT_RETAIN_SELF = YES;
				CLANG_WARN_OBJC_LITERAL_CONVERSION = YES;
				CLANG_WARN_OBJC_ROOT_CLASS = YES_ERROR;
				CLANG_WARN_QUOTED_INCLUDE_IN_FRAMEWORK_HEADER = YES;
				CLANG_WARN_RANGE_LOOP_ANALYSIS = YES;
				CLANG_WARN_STRICT_PROTOTYPES = YES;
				CLANG_WARN_SUSPICIOUS_MOVE = YES;
				CLANG_WARN_UNGUARDED_AVAILABILITY = YES_AGGRESSIVE;
				CLANG_WARN_UNREACHABLE_CODE = YES;
				CLANG_WARN__DUPLICATE_METHOD_MATCH = YES;
				COPY_PHASE_STRIP = NO;
				DEBUG_INFORMATION_FORMAT = "dwarf-with-dsym";
				ENABLE_NS_ASSERTIONS = NO;
				ENABLE_STRICT_OBJC_MSGSEND = YES;
				GCC_C_LANGUAGE_STANDARD = gnu11;
				GCC_NO_COMMON_BLOCKS = YES;
				GCC_WARN_64_TO_32_BIT_CONVERSION = YES;
				GCC_WARN_ABOUT_RETURN_TYPE = YES_ERROR;
				GCC_WARN_UNDECLARED_SELECTOR = YES;
				GCC_WARN_UNINITIALIZED_AUTOS = YES_AGGRESSIVE;
				GCC_WARN_UNUSED_FUNCTION = YES;
				GCC_WARN_UNUSED_VARIABLE = YES;
				IPHONEOS_DEPLOYMENT_TARGET = 15.4;
				MTL_ENABLE_DEBUG_INFO = NO;
				MTL_FAST_MATH = YES;
				SDKROOT = iphoneos;
				SWIFT_COMPILATION_MODE = wholemodule;
				SWIFT_OPTIMIZATION_LEVEL = "-O";
				VALIDATE_PRODUCT = YES;
			};
			name = Release;
		};
		B09C4DFA28036A4300377348 /* Debug */ = {
			isa = XCBuildConfiguration;
			buildSettings = {
				ASSETCATALOG_COMPILER_APPICON_NAME = AppIcon;
				ASSETCATALOG_COMPILER_GLOBAL_ACCENT_COLOR_NAME = AccentColor;
				CODE_SIGN_STYLE = Automatic;
				CURRENT_PROJECT_VERSION = 1;
				DEVELOPMENT_ASSET_PATHS = "\"Trivia Mania Yt/Preview Content\"";
				DEVELOPMENT_TEAM = 5SF3N942AN;
				ENABLE_PREVIEWS = YES;
				GENERATE_INFOPLIST_FILE = YES;
				INFOPLIST_KEY_UIApplicationSceneManifest_Generation = YES;
				INFOPLIST_KEY_UIApplicationSupportsIndirectInputEvents = YES;
				INFOPLIST_KEY_UILaunchScreen_Generation = YES;
				INFOPLIST_KEY_UISupportedInterfaceOrientations_iPad = "UIInterfaceOrientationPortrait UIInterfaceOrientationPortraitUpsideDown UIInterfaceOrientationLandscapeLeft UIInterfaceOrientationLandscapeRight";
				INFOPLIST_KEY_UISupportedInterfaceOrientations_iPhone = "UIInterfaceOrientationPortrait UIInterfaceOrientationLandscapeLeft UIInterfaceOrientationLandscapeRight";
				LD_RUNPATH_SEARCH_PATHS = (
					"$(inherited)",
					"@executable_path/Frameworks",
				);
				MARKETING_VERSION = 1.0;
				PRODUCT_BUNDLE_IDENTIFIER = "com.ImranSefat.Trivia-Mania-Yt";
				PRODUCT_NAME = "Trivia Mania YT";
				SWIFT_EMIT_LOC_STRINGS = YES;
				SWIFT_VERSION = 5.0;
				TARGETED_DEVICE_FAMILY = "1,2";
			};
			name = Debug;
		};
		B09C4DFB28036A4300377348 /* Release */ = {
			isa = XCBuildConfiguration;
			buildSettings = {
				ASSETCATALOG_COMPILER_APPICON_NAME = AppIcon;
				ASSETCATALOG_COMPILER_GLOBAL_ACCENT_COLOR_NAME = AccentColor;
				CODE_SIGN_STYLE = Automatic;
				CURRENT_PROJECT_VERSION = 1;
				DEVELOPMENT_ASSET_PATHS = "\"Trivia Mania Yt/Preview Content\"";
				DEVELOPMENT_TEAM = 5SF3N942AN;
				ENABLE_PREVIEWS = YES;
				GENERATE_INFOPLIST_FILE = YES;
				INFOPLIST_KEY_UIApplicationSceneManifest_Generation = YES;
				INFOPLIST_KEY_UIApplicationSupportsIndirectInputEvents = YES;
				INFOPLIST_KEY_UILaunchScreen_Generation = YES;
				INFOPLIST_KEY_UISupportedInterfaceOrientations_iPad = "UIInterfaceOrientationPortrait UIInterfaceOrientationPortraitUpsideDown UIInterfaceOrientationLandscapeLeft UIInterfaceOrientationLandscapeRight";
				INFOPLIST_KEY_UISupportedInterfaceOrientations_iPhone = "UIInterfaceOrientationPortrait UIInterfaceOrientationLandscapeLeft UIInterfaceOrientationLandscapeRight";
				LD_RUNPATH_SEARCH_PATHS = (
					"$(inherited)",
					"@executable_path/Frameworks",
				);
				MARKETING_VERSION = 1.0;
				PRODUCT_BUNDLE_IDENTIFIER = "com.ImranSefat.Trivia-Mania-Yt";
				PRODUCT_NAME = "Trivia Mania YT";
				SWIFT_EMIT_LOC_STRINGS = YES;
				SWIFT_VERSION = 5.0;
				TARGETED_DEVICE_FAMILY = "1,2";
			};
			name = Release;
		};
/* End XCBuildConfiguration section */

/* Begin XCConfigurationList section */
		B09C4DE628036A4100377348 /* Build configuration list for PBXProject "Trivia Mania Yt" */ = {
			isa = XCConfigurationList;
			buildConfigurations = (
				B09C4DF728036A4300377348 /* Debug */,
				B09C4DF828036A4300377348 /* Release */,
			);
			defaultConfigurationIsVisible = 0;
			defaultConfigurationName = Release;
		};
		B09C4DF928036A4300377348 /* Build configuration list for PBXNativeTarget "Trivia Mania Yt" */ = {
			isa = XCConfigurationList;
			buildConfigurations = (
				B09C4DFA28036A4300377348 /* Debug */,
				B09C4DFB28036A4300377348 /* Release */,
			);
			defaultConfigurationIsVisible = 0;
			defaultConfigurationName = Release;
		};
/* End XCConfigurationList section */
	};
	rootObject = B09C4DE328036A4100377348 /* Project object */;
}
